
Microsoft Visual Studio Solution File, Format Version 12.00
# Visual Studio Version 17
VisualStudioVersion = 17.3.32819.101
MinimumVisualStudioVersion = 10.0.40219.1
Project("{FAE04EC0-301F-11D3-BF4B-00C04F79EFBC}") = "FlashCardsApi", "FlashCardsApi\FlashCardsApi.csproj", "{C352BDA1-CC0B-4A34-85D1-60CAB495267B}"
EndProject
Global
	GlobalSection(SolutionConfigurationPlatforms) = preSolution
		Debug|Any CPU = Debug|Any CPU
		Release|Any CPU = Release|Any CPU
	EndGlobalSection
	GlobalSection(ProjectConfigurationPlatforms) = postSolution
		{C352BDA1-CC0B-4A34-85D1-60CAB495267B}.Debug|Any CPU.ActiveCfg = Debug|Any CPU
		{C352BDA1-CC0B-4A34-85D1-60CAB495267B}.Debug|Any CPU.Build.0 = Debug|Any CPU
		{C352BDA1-CC0B-4A34-85D1-60CAB495267B}.Release|Any CPU.ActiveCfg = Release|Any CPU
		{C352BDA1-CC0B-4A34-85D1-60CAB495267B}.Release|Any CPU.Build.0 = Release|Any CPU
	EndGlobalSection
	GlobalSection(SolutionProperties) = preSolution
		HideSolutionNode = FALSE
	EndGlobalSection
	GlobalSection(ExtensibilityGlobals) = postSolution
		SolutionGuid = {21744B66-9BB4-4EBE-AE67-1AE6BCE7C36C}
	EndGlobalSection
EndGlobal
